
Microsoft Visual Studio Solution File, Format Version 12.00
# Visual Studio Version 16
VisualStudioVersion = 16.0.30804.86
MinimumVisualStudioVersion = 10.0.40219.1
Project("{FAE04EC0-301F-11D3-BF4B-00C04F79EFBC}") = "FoxAndHounds", "FoxAndHounds\FoxAndHounds.csproj", "{3854B854-BFCA-4574-AFFF-B5DF2DBDE99B}"
EndProject
Project("{FAE04EC0-301F-11D3-BF4B-00C04F79EFBC}") = "FoxAndHounds.Classes", "FoxAndHounds.Classes\FoxAndHounds.Classes.csproj", "{DF7C672F-954A-465B-8257-DC8C509B558A}"
EndProject
Project("{FAE04EC0-301F-11D3-BF4B-00C04F79EFBC}") = "FoxAndHounds.Server", "FoxAndHounds.Server\FoxAndHounds.Server.csproj", "{CE25C738-3043-441A-B462-A14C5D28C4D6}"
EndProject
Global
	GlobalSection(SolutionConfigurationPlatforms) = preSolution
		Debug|Any CPU = Debug|Any CPU
		Release|Any CPU = Release|Any CPU
	EndGlobalSection
	GlobalSection(ProjectConfigurationPlatforms) = postSolution
		{3854B854-BFCA-4574-AFFF-B5DF2DBDE99B}.Debug|Any CPU.ActiveCfg = Debug|Any CPU
		{3854B854-BFCA-4574-AFFF-B5DF2DBDE99B}.Debug|Any CPU.Build.0 = Debug|Any CPU
		{3854B854-BFCA-4574-AFFF-B5DF2DBDE99B}.Release|Any CPU.ActiveCfg = Release|Any CPU
		{3854B854-BFCA-4574-AFFF-B5DF2DBDE99B}.Release|Any CPU.Build.0 = Release|Any CPU
		{DF7C672F-954A-465B-8257-DC8C509B558A}.Debug|Any CPU.ActiveCfg = Debug|Any CPU
		{DF7C672F-954A-465B-8257-DC8C509B558A}.Debug|Any CPU.Build.0 = Debug|Any CPU
		{DF7C672F-954A-465B-8257-DC8C509B558A}.Release|Any CPU.ActiveCfg = Release|Any CPU
		{DF7C672F-954A-465B-8257-DC8C509B558A}.Release|Any CPU.Build.0 = Release|Any CPU
		{CE25C738-3043-441A-B462-A14C5D28C4D6}.Debug|Any CPU.ActiveCfg = Debug|Any CPU
		{CE25C738-3043-441A-B462-A14C5D28C4D6}.Debug|Any CPU.Build.0 = Debug|Any CPU
		{CE25C738-3043-441A-B462-A14C5D28C4D6}.Release|Any CPU.ActiveCfg = Release|Any CPU
		{CE25C738-3043-441A-B462-A14C5D28C4D6}.Release|Any CPU.Build.0 = Release|Any CPU
	EndGlobalSection
	GlobalSection(SolutionProperties) = preSolution
		HideSolutionNode = FALSE
	EndGlobalSection
	GlobalSection(ExtensibilityGlobals) = postSolution
		SolutionGuid = {7A6A12B3-EB77-4F6A-AFCC-E94494738AB9}
	EndGlobalSection
EndGlobal
